<?xml version="1.0" encoding="utf-8"?>
<Project ToolsVersion="4.0" xmlns:atg="http://atg.xbox.com" xmlns="http://schemas.microsoft.com/developer/msbuild/2003">
  <ItemGroup>
    <Filter Include="Resource Files">
      <UniqueIdentifier>{8e114980-c1a3-4ada-ad7c-83caadf5daeb}</UniqueIdentifier>
      <Extensions>rc;ico;cur;bmp;dlg;rc2;rct;bin;rgs;gif;jpg;jpeg;jpe</Extensions>
    </Filter>
    <Filter Include="Shaders">
      <UniqueIdentifier>{2c3d4c8c-5d1a-459a-a05a-a4e4b608a44e}</UniqueIdentifier>
      <Extensions>fx;fxh;hlsl</Extensions>
    </Filter>
    <Filter Include="GameObjects">
      <UniqueIdentifier>{8787b987-edfc-4b58-a953-13b8e7731ebd}</UniqueIdentifier>
    </Filter>
    <Filter Include="MainFolder">
      <UniqueIdentifier>{034bbebf-33a7-44ef-9a7f-634dd2a0eeb9}</UniqueIdentifier>
    </Filter>
    <Filter Include="FileLoaders">
      <UniqueIdentifier>{eef37684-204c-4913-932b-6fc2a3d48462}</UniqueIdentifier>
    </Filter>
    <Filter Include="Utility">
      <UniqueIdentifier>{a6f3d9db-0adc-4a44-a5fe-27b11a048d93}</UniqueIdentifier>
    </Filter>
    <Filter Include="Levels">
      <UniqueIdentifier>{d5b8a269-ab65-41b6-99ed-4e4178b7b602}</UniqueIdentifier>
    </Filter>
  </ItemGroup>
  <ItemGroup>
    <ClCompile Include="DX11 Framework.cpp">
      <Filter>Resource Files</Filter>
    </ClCompile>
    <ClCompile Include="src\Application.cpp">
      <Filter>MainFolder</Filter>
    </ClCompile>
    <ClCompile Include="src\BaseObject.cpp">
      <Filter>GameObjects</Filter>
    </ClCompile>
    <ClCompile Include="src\BaseObjectOBJ.cpp">
      <Filter>GameObjects</Filter>
    </ClCompile>
    <ClCompile Include="src\Camera.cpp">
      <Filter>GameObjects</Filter>
    </ClCompile>
    <ClCompile Include="src\Math3D.cpp">
      <Filter>Utility</Filter>
    </ClCompile>
    <ClCompile Include="src\OBJLoader.cpp">
      <Filter>FileLoaders</Filter>
    </ClCompile>
    <ClCompile Include="src\DDSTextureLoader.cpp">
      <Filter>FileLoaders</Filter>
    </ClCompile>
    <ClCompile Include="src\BaseShader.cpp">
      <Filter>Shaders</Filter>
    </ClCompile>
  </ItemGroup>
  <ItemGroup>
    <ClInclude Include="src\Application.h">
      <Filter>MainFolder</Filter>
    </ClInclude>
    <ClInclude Include="src\BaseObject.h">
      <Filter>GameObjects</Filter>
    </ClInclude>
    <ClInclude Include="src\BaseObjectOBJ.h">
      <Filter>GameObjects</Filter>
    </ClInclude>
    <ClInclude Include="src\Camera.h">
      <Filter>GameObjects</Filter>
    </ClInclude>
    <ClInclude Include="src\resource.h">
      <Filter>Resource Files</Filter>
    </ClInclude>
    <ClInclude Include="src\Math3D.h">
      <Filter>Utility</Filter>
    </ClInclude>
    <ClInclude Include="src\structs.h">
      <Filter>Utility</Filter>
    </ClInclude>
    <ClInclude Include="src\OBJLoader.h">
      <Filter>FileLoaders</Filter>
    </ClInclude>
    <ClInclude Include="src\DDSTextureLoader.h">
      <Filter>FileLoaders</Filter>
    </ClInclude>
    <ClInclude Include="src\BaseShader.h">
      <Filter>Shaders</Filter>
    </ClInclude>
  </ItemGroup>
  <ItemGroup>
    <ResourceCompile Include="DX11 Framework.rc">
      <Filter>Resource Files</Filter>
    </ResourceCompile>
  </ItemGroup>
  <ItemGroup>
    <None Include="DX11 Framework.fx">
      <Filter>Shaders</Filter>
    </None>
    <None Include="LICENSE" />
    <None Include="README.md" />
  </ItemGroup>
  <ItemGroup>
    <Text Include="Diary.txt">
      <Filter>MainFolder</Filter>
    </Text>
  </ItemGroup>
</Project>